// !$*UTF8*$!
{
	archiveVersion = 1;
	classes = {
	};
	objectVersion = 56;
	objects = {

/* Begin PBXBuildFile section */
		3856FFEB56B0DB30F2C90181 /* OlyAppApp.swift in Sources */ = {isa = PBXBuildFile; fileRef = F00924DF0B9B12E8A135E6E7 /* OlyAppApp.swift */; };
		BDC9A1A2ACEDF933B9852BF4 /* ContentView.swift in Sources */ = {isa = PBXBuildFile; fileRef = 58259569A0AEB1098BB1E35F /* ContentView.swift */; };
		818EB0EA7CC78B16FB04CE92 /* LiftCategory.swift in Sources */ = {isa = PBXBuildFile; fileRef = 513B27C4D5034A2F44117253 /* LiftCategory.swift */; };
		FAA808821FCE670F9FCA1970 /* LiftEntry.swift in Sources */ = {isa = PBXBuildFile; fileRef = B3C7AE3BE02BCD2C6A79E3C6 /* LiftEntry.swift */; };
		E7A8A47DCE81BFF53F9A9C43 /* LoggedSession.swift in Sources */ = {isa = PBXBuildFile; fileRef = 5FAA56AEA1A1EC196F0C41B1 /* LoggedSession.swift */; };
		0090AC33A36DC3481F5FE58E /* LifterMax.swift in Sources */ = {isa = PBXBuildFile; fileRef = 3A6FE656B9DE0EB62472258C /* LifterMax.swift */; };
		38D7C98AE5B54509E27779C0 /* PrimaryLiftFamily.swift in Sources */ = {isa = PBXBuildFile; fileRef = 1402B8D255A2855793775211 /* PrimaryLiftFamily.swift */; };
		FD7A99BAD22163AB87839F10 /* AccessoryMove.swift in Sources */ = {isa = PBXBuildFile; fileRef = F8F0736A193E4EF566468F00 /* AccessoryMove.swift */; };
		5D8BF10BC7846CA04054E5B5 /* TempoVariant.swift in Sources */ = {isa = PBXBuildFile; fileRef = 60B157C958E21B369A3E0029 /* TempoVariant.swift */; };
		19DD7809EA5BF3F37A014C85 /* PrecedentLibrary.swift in Sources */ = {isa = PBXBuildFile; fileRef = F1A6E15A562276F23D5C99F6 /* PrecedentLibrary.swift */; };
		93840C6A934A0CD76B492EE6 /* GenerationOptions.swift in Sources */ = {isa = PBXBuildFile; fileRef = 3FF0EEBFDC5CE550444577E8 /* GenerationOptions.swift */; };
		8293A418C190355CA459E7DB /* GeneratedSession.swift in Sources */ = {isa = PBXBuildFile; fileRef = 6B2C24A62296D387F0878636 /* GeneratedSession.swift */; };
		29556C10A06B2DCD6F51E89E /* WorkoutGenerator.swift in Sources */ = {isa = PBXBuildFile; fileRef = A7B4E838F4C89798D1196AF1 /* WorkoutGenerator.swift */; };
		FEE5C1DDBBF6B1571F0142BF /* HomeView.swift in Sources */ = {isa = PBXBuildFile; fileRef = D325F80B3B3BEE8CA1140E42 /* HomeView.swift */; };
		DD7BDB81042BAC3C8590A507 /* NewSessionView.swift in Sources */ = {isa = PBXBuildFile; fileRef = 70BE23B10165BB4ADC652EC3 /* NewSessionView.swift */; };
		6979189CEC9ED66051170F68 /* SessionDetailView.swift in Sources */ = {isa = PBXBuildFile; fileRef = E96CBF455D614A3EBD5B904F /* SessionDetailView.swift */; };
		0166E04F68B1933FED4DAC49 /* HistoryView.swift in Sources */ = {isa = PBXBuildFile; fileRef = 2371D3D938E30520B5DF62C7 /* HistoryView.swift */; };
		A5ABFF9AFE2BFA3FBB2F5164 /* MaxesSettingsView.swift in Sources */ = {isa = PBXBuildFile; fileRef = 61FF65135E2FE3F6FA23BD37 /* MaxesSettingsView.swift */; };
		650E3E18AF17C96C302C078C /* MaxEntryPromptView.swift in Sources */ = {isa = PBXBuildFile; fileRef = 2B64859DD9861459DB8965ED /* MaxEntryPromptView.swift */; };
		6B3ED7345A7511EEE38AA51B /* Assets.xcassets in Resources */ = {isa = PBXBuildFile; fileRef = 38024148B8EA6A876436DAB9 /* Assets.xcassets */; };
		BCF12FEDF8D1D9506E9FFF67 /* WorkoutGeneratorTests.swift in Sources */ = {isa = PBXBuildFile; fileRef = 3BEFDB42130B733AA5F60E59 /* WorkoutGeneratorTests.swift */; };
/* End PBXBuildFile section */

/* Begin PBXContainerItemProxy section */
		C8902B4074EE7C9495D41805 /* PBXContainerItemProxy */ = {
			isa = PBXContainerItemProxy;
			containerPortal = 98F54143AB4E86B28C3AFEE0 /* Project object */;
			proxyType = 1;
			remoteGlobalIDString = CCD1BDFE40AA20836710EC01;
			remoteInfo = OlyApp;
		};
/* End PBXContainerItemProxy section */

/* Begin PBXFileReference section */
		5718BA8B2965F0F686C8E55B /* OlyApp.app */ = {isa = PBXFileReference; explicitFileType = wrapper.application; includeInIndex = 0; path = OlyApp.app; sourceTree = BUILT_PRODUCTS_DIR; };
		4EF5F27FC2840F4EF5595DEE /* OlyAppTests.xctest */ = {isa = PBXFileReference; explicitFileType = wrapper.cfbundle; includeInIndex = 0; path = OlyAppTests.xctest; sourceTree = BUILT_PRODUCTS_DIR; };
		F00924DF0B9B12E8A135E6E7 /* OlyAppApp.swift */ = {isa = PBXFileReference; lastKnownFileType = sourcecode.swift; path = OlyAppApp.swift; sourceTree = "<group>"; };
		58259569A0AEB1098BB1E35F /* ContentView.swift */ = {isa = PBXFileReference; lastKnownFileType = sourcecode.swift; path = ContentView.swift; sourceTree = "<group>"; };
		513B27C4D5034A2F44117253 /* LiftCategory.swift */ = {isa = PBXFileReference; lastKnownFileType = sourcecode.swift; path = LiftCategory.swift; sourceTree = "<group>"; };
		B3C7AE3BE02BCD2C6A79E3C6 /* LiftEntry.swift */ = {isa = PBXFileReference; lastKnownFileType = sourcecode.swift; path = LiftEntry.swift; sourceTree = "<group>"; };
		5FAA56AEA1A1EC196F0C41B1 /* LoggedSession.swift */ = {isa = PBXFileReference; lastKnownFileType = sourcecode.swift; path = LoggedSession.swift; sourceTree = "<group>"; };
		3A6FE656B9DE0EB62472258C /* LifterMax.swift */ = {isa = PBXFileReference; lastKnownFileType = sourcecode.swift; path = LifterMax.swift; sourceTree = "<group>"; };
		1402B8D255A2855793775211 /* PrimaryLiftFamily.swift */ = {isa = PBXFileReference; lastKnownFileType = sourcecode.swift; path = PrimaryLiftFamily.swift; sourceTree = "<group>"; };
		F8F0736A193E4EF566468F00 /* AccessoryMove.swift */ = {isa = PBXFileReference; lastKnownFileType = sourcecode.swift; path = AccessoryMove.swift; sourceTree = "<group>"; };
		60B157C958E21B369A3E0029 /* TempoVariant.swift */ = {isa = PBXFileReference; lastKnownFileType = sourcecode.swift; path = TempoVariant.swift; sourceTree = "<group>"; };
		F1A6E15A562276F23D5C99F6 /* PrecedentLibrary.swift */ = {isa = PBXFileReference; lastKnownFileType = sourcecode.swift; path = PrecedentLibrary.swift; sourceTree = "<group>"; };
		3FF0EEBFDC5CE550444577E8 /* GenerationOptions.swift */ = {isa = PBXFileReference; lastKnownFileType = sourcecode.swift; path = GenerationOptions.swift; sourceTree = "<group>"; };
		6B2C24A62296D387F0878636 /* GeneratedSession.swift */ = {isa = PBXFileReference; lastKnownFileType = sourcecode.swift; path = GeneratedSession.swift; sourceTree = "<group>"; };
		A7B4E838F4C89798D1196AF1 /* WorkoutGenerator.swift */ = {isa = PBXFileReference; lastKnownFileType = sourcecode.swift; path = WorkoutGenerator.swift; sourceTree = "<group>"; };
		D325F80B3B3BEE8CA1140E42 /* HomeView.swift */ = {isa = PBXFileReference; lastKnownFileType = sourcecode.swift; path = HomeView.swift; sourceTree = "<group>"; };
		70BE23B10165BB4ADC652EC3 /* NewSessionView.swift */ = {isa = PBXFileReference; lastKnownFileType = sourcecode.swift; path = NewSessionView.swift; sourceTree = "<group>"; };
		E96CBF455D614A3EBD5B904F /* SessionDetailView.swift */ = {isa = PBXFileReference; lastKnownFileType = sourcecode.swift; path = SessionDetailView.swift; sourceTree = "<group>"; };
		2371D3D938E30520B5DF62C7 /* HistoryView.swift */ = {isa = PBXFileReference; lastKnownFileType = sourcecode.swift; path = HistoryView.swift; sourceTree = "<group>"; };
		61FF65135E2FE3F6FA23BD37 /* MaxesSettingsView.swift */ = {isa = PBXFileReference; lastKnownFileType = sourcecode.swift; path = MaxesSettingsView.swift; sourceTree = "<group>"; };
		2B64859DD9861459DB8965ED /* MaxEntryPromptView.swift */ = {isa = PBXFileReference; lastKnownFileType = sourcecode.swift; path = MaxEntryPromptView.swift; sourceTree = "<group>"; };
		38024148B8EA6A876436DAB9 /* Assets.xcassets */ = {isa = PBXFileReference; lastKnownFileType = folder.assetcatalog; path = Assets.xcassets; sourceTree = "<group>"; };
		3BEFDB42130B733AA5F60E59 /* WorkoutGeneratorTests.swift */ = {isa = PBXFileReference; lastKnownFileType = sourcecode.swift; path = WorkoutGeneratorTests.swift; sourceTree = "<group>"; };
/* End PBXFileReference section */

/* Begin PBXFrameworksBuildPhase section */
		205F2BC6E24D7D856CEED464 /* Frameworks */ = {
			isa = PBXFrameworksBuildPhase;
			buildActionMask = 2147483647;
			files = (
			);
			runOnlyForDeploymentPostprocessing = 0;
		};
		D8BB80BA9436BB8095981AD3 /* Frameworks */ = {
			isa = PBXFrameworksBuildPhase;
			buildActionMask = 2147483647;
			files = (
			);
			runOnlyForDeploymentPostprocessing = 0;
		};
/* End PBXFrameworksBuildPhase section */

/* Begin PBXGroup section */
		6CFC827E67DCAE34C72B9CED = {
			isa = PBXGroup;
			children = (
				1DF7EA2CADE1C5ABC9070DE6 /* OlyApp */,
				5ADF06D0C4FFB329D4E0597E /* OlyAppTests */,
				021F2B7F3E0C61452C987484 /* Products */,
			);
			sourceTree = "<group>";
		};
		021F2B7F3E0C61452C987484 /* Products */ = {
			isa = PBXGroup;
			children = (
				5718BA8B2965F0F686C8E55B /* OlyApp.app */,
				4EF5F27FC2840F4EF5595DEE /* OlyAppTests.xctest */,
			);
			name = Products;
			sourceTree = "<group>";
		};
		1DF7EA2CADE1C5ABC9070DE6 /* OlyApp */ = {
			isa = PBXGroup;
			children = (
				F00924DF0B9B12E8A135E6E7 /* OlyAppApp.swift */,
				58259569A0AEB1098BB1E35F /* ContentView.swift */,
				9911C8090D10EFAB1ED672C2 /* Models */,
				7A2AADC2619183C089C46F5A /* Precedent */,
				9542A21CD7CA51B95CCFD20C /* Generator */,
				38DC3EC5BB18656AEB7EC09F /* Views */,
				38024148B8EA6A876436DAB9 /* Assets.xcassets */,
			);
			path = OlyApp;
			sourceTree = "<group>";
		};
		9911C8090D10EFAB1ED672C2 /* Models */ = {
			isa = PBXGroup;
			children = (
				513B27C4D5034A2F44117253 /* LiftCategory.swift */,
				B3C7AE3BE02BCD2C6A79E3C6 /* LiftEntry.swift */,
				5FAA56AEA1A1EC196F0C41B1 /* LoggedSession.swift */,
				3A6FE656B9DE0EB62472258C /* LifterMax.swift */,
			);
			path = Models;
			sourceTree = "<group>";
		};
		7A2AADC2619183C089C46F5A /* Precedent */ = {
			isa = PBXGroup;
			children = (
				1402B8D255A2855793775211 /* PrimaryLiftFamily.swift */,
				F8F0736A193E4EF566468F00 /* AccessoryMove.swift */,
				60B157C958E21B369A3E0029 /* TempoVariant.swift */,
				F1A6E15A562276F23D5C99F6 /* PrecedentLibrary.swift */,
			);
			path = Precedent;
			sourceTree = "<group>";
		};
		9542A21CD7CA51B95CCFD20C /* Generator */ = {
			isa = PBXGroup;
			children = (
				3FF0EEBFDC5CE550444577E8 /* GenerationOptions.swift */,
				6B2C24A62296D387F0878636 /* GeneratedSession.swift */,
				A7B4E838F4C89798D1196AF1 /* WorkoutGenerator.swift */,
			);
			path = Generator;
			sourceTree = "<group>";
		};
		38DC3EC5BB18656AEB7EC09F /* Views */ = {
			isa = PBXGroup;
			children = (
				D325F80B3B3BEE8CA1140E42 /* HomeView.swift */,
				70BE23B10165BB4ADC652EC3 /* NewSessionView.swift */,
				E96CBF455D614A3EBD5B904F /* SessionDetailView.swift */,
				2371D3D938E30520B5DF62C7 /* HistoryView.swift */,
				61FF65135E2FE3F6FA23BD37 /* MaxesSettingsView.swift */,
				2B64859DD9861459DB8965ED /* MaxEntryPromptView.swift */,
			);
			path = Views;
			sourceTree = "<group>";
		};
		5ADF06D0C4FFB329D4E0597E /* OlyAppTests */ = {
			isa = PBXGroup;
			children = (
				3BEFDB42130B733AA5F60E59 /* WorkoutGeneratorTests.swift */,
			);
			path = OlyAppTests;
			sourceTree = "<group>";
		};
/* End PBXGroup section */

/* Begin PBXNativeTarget section */
		CCD1BDFE40AA20836710EC01 /* OlyApp */ = {
			isa = PBXNativeTarget;
			buildConfigurationList = F2835358D79238265300CDAC /* Build configuration list for PBXNativeTarget "OlyApp" */;
			buildPhases = (
				DBF6CD71B0C4EC30100789D3 /* Sources */,
				205F2BC6E24D7D856CEED464 /* Frameworks */,
				05E689F15507506FE0040640 /* Resources */,
			);
			buildRules = (
			);
			dependencies = (
			);
			name = OlyApp;
			productName = OlyApp;
			productReference = 5718BA8B2965F0F686C8E55B /* OlyApp.app */;
			productType = "com.apple.product-type.application";
		};
		5D9688571339E638D7EAD326 /* OlyAppTests */ = {
			isa = PBXNativeTarget;
			buildConfigurationList = F9B0E16AD5B8480358C8B0BD /* Build configuration list for PBXNativeTarget "OlyAppTests" */;
			buildPhases = (
				BE4BC27101E7F29EB444ED01 /* Sources */,
				D8BB80BA9436BB8095981AD3 /* Frameworks */,
				9675AE965AB2731D6C0E64EA /* Resources */,
			);
			buildRules = (
			);
			dependencies = (
				CC1E7A1C36CA28421CD3E139 /* PBXTargetDependency */,
			);
			name = OlyAppTests;
			productName = OlyAppTests;
			productReference = 4EF5F27FC2840F4EF5595DEE /* OlyAppTests.xctest */;
			productType = "com.apple.product-type.bundle.unit-test";
		};
/* End PBXNativeTarget section */

/* Begin PBXProject section */
		98F54143AB4E86B28C3AFEE0 /* Project object */ = {
			isa = PBXProject;
			attributes = {
				BuildIndependentTargetsInParallel = 1;
				LastSwiftUpdateCheck = 1600;
				LastUpgradeCheck = 1600;
				TargetAttributes = {
					CCD1BDFE40AA20836710EC01 = {
						CreatedOnToolsVersion = 16.0;
					};
					5D9688571339E638D7EAD326 = {
						CreatedOnToolsVersion = 16.0;
						TestTargetID = CCD1BDFE40AA20836710EC01;
					};
				};
			};
			buildConfigurationList = 45DEA8368E74E8D36B2EC1B0 /* Build configuration list for PBXProject "OlyApp" */;
			compatibilityVersion = "Xcode 14.0";
			developmentRegion = en;
			hasScannedForEncodings = 0;
			knownRegions = (
				en,
				Base,
			);
			mainGroup = 6CFC827E67DCAE34C72B9CED;
			productRefGroup = 021F2B7F3E0C61452C987484 /* Products */;
			projectDirPath = "";
			projectRoot = "";
			targets = (
				CCD1BDFE40AA20836710EC01 /* OlyApp */,
				5D9688571339E638D7EAD326 /* OlyAppTests */,
			);
		};
/* End PBXProject section */

/* Begin PBXResourcesBuildPhase section */
		05E689F15507506FE0040640 /* Resources */ = {
			isa = PBXResourcesBuildPhase;
			buildActionMask = 2147483647;
			files = (
				6B3ED7345A7511EEE38AA51B /* Assets.xcassets in Resources */,
			);
			runOnlyForDeploymentPostprocessing = 0;
		};
		9675AE965AB2731D6C0E64EA /* Resources */ = {
			isa = PBXResourcesBuildPhase;
			buildActionMask = 2147483647;
			files = (
			);
			runOnlyForDeploymentPostprocessing = 0;
		};
/* End PBXResourcesBuildPhase section */

/* Begin PBXSourcesBuildPhase section */
		DBF6CD71B0C4EC30100789D3 /* Sources */ = {
			isa = PBXSourcesBuildPhase;
			buildActionMask = 2147483647;
			files = (
				3856FFEB56B0DB30F2C90181 /* OlyAppApp.swift in Sources */,
				BDC9A1A2ACEDF933B9852BF4 /* ContentView.swift in Sources */,
				818EB0EA7CC78B16FB04CE92 /* LiftCategory.swift in Sources */,
				FAA808821FCE670F9FCA1970 /* LiftEntry.swift in Sources */,
				E7A8A47DCE81BFF53F9A9C43 /* LoggedSession.swift in Sources */,
				0090AC33A36DC3481F5FE58E /* LifterMax.swift in Sources */,
				38D7C98AE5B54509E27779C0 /* PrimaryLiftFamily.swift in Sources */,
				FD7A99BAD22163AB87839F10 /* AccessoryMove.swift in Sources */,
				5D8BF10BC7846CA04054E5B5 /* TempoVariant.swift in Sources */,
				19DD7809EA5BF3F37A014C85 /* PrecedentLibrary.swift in Sources */,
				93840C6A934A0CD76B492EE6 /* GenerationOptions.swift in Sources */,
				8293A418C190355CA459E7DB /* GeneratedSession.swift in Sources */,
				29556C10A06B2DCD6F51E89E /* WorkoutGenerator.swift in Sources */,
				FEE5C1DDBBF6B1571F0142BF /* HomeView.swift in Sources */,
				DD7BDB81042BAC3C8590A507 /* NewSessionView.swift in Sources */,
				6979189CEC9ED66051170F68 /* SessionDetailView.swift in Sources */,
				0166E04F68B1933FED4DAC49 /* HistoryView.swift in Sources */,
				A5ABFF9AFE2BFA3FBB2F5164 /* MaxesSettingsView.swift in Sources */,
				650E3E18AF17C96C302C078C /* MaxEntryPromptView.swift in Sources */,
			);
			runOnlyForDeploymentPostprocessing = 0;
		};
		BE4BC27101E7F29EB444ED01 /* Sources */ = {
			isa = PBXSourcesBuildPhase;
			buildActionMask = 2147483647;
			files = (
				BCF12FEDF8D1D9506E9FFF67 /* WorkoutGeneratorTests.swift in Sources */,
			);
			runOnlyForDeploymentPostprocessing = 0;
		};
/* End PBXSourcesBuildPhase section */

/* Begin PBXTargetDependency section */
		CC1E7A1C36CA28421CD3E139 /* PBXTargetDependency */ = {
			isa = PBXTargetDependency;
			target = CCD1BDFE40AA20836710EC01 /* OlyApp */;
			targetProxy = C8902B4074EE7C9495D41805 /* PBXContainerItemProxy */;
		};
/* End PBXTargetDependency section */

/* Begin XCBuildConfiguration section */
		B5BAF5E53768F7A4E6398644 /* Debug */ = {
			isa = XCBuildConfiguration;
			buildSettings = {
				ALWAYS_SEARCH_USER_PATHS = NO;
				ASSETCATALOG_COMPILER_GENERATE_SWIFT_ASSET_SYMBOL_EXTENSIONS = YES;
				CLANG_ANALYZER_NONNULL = YES;
				CLANG_ANALYZER_NUMBER_OBJECT_CONVERSION = YES_AGGRESSIVE;
				CLANG_CXX_LANGUAGE_STANDARD = "gnu++20";
				CLANG_ENABLE_MODULES = YES;
				CLANG_ENABLE_OBJC_ARC = YES;
				CLANG_ENABLE_OBJC_WEAK = YES;
				CLANG_WARN_BLOCK_CAPTURE_AUTORELEASING = YES;
				CLANG_WARN_BOOL_CONVERSION = YES;
				CLANG_WARN_COMMA = YES;
				CLANG_WARN_CONSTANT_CONVERSION = YES;
				CLANG_WARN_DEPRECATED_OBJC_IMPLEMENTATIONS = YES;
				CLANG_WARN_DIRECT_OBJC_ISA_USAGE = YES_ERROR;
				CLANG_WARN_DOCUMENTATION_COMMENTS = YES;
				CLANG_WARN_EMPTY_BODY = YES;
				CLANG_WARN_ENUM_CONVERSION = YES;
				CLANG_WARN_INFINITE_RECURSION = YES;
				CLANG_WARN_INT_CONVERSION = YES;
				CLANG_WARN_NON_LITERAL_NULL_CONVERSION = YES;
				CLANG_WARN_OBJC_IMPLICIT_RETAIN_SELF = YES;
				CLANG_WARN_OBJC_LITERAL_CONVERSION = YES;
				CLANG_WARN_OBJC_ROOT_CLASS = YES_ERROR;
				CLANG_WARN_QUOTED_INCLUDE_IN_FRAMEWORK_HEADER = YES;
				CLANG_WARN_RANGE_LOOP_ANALYSIS = YES;
				CLANG_WARN_STRICT_PROTOTYPES = YES;
				CLANG_WARN_SUSPICIOUS_MOVE = YES;
				CLANG_WARN_UNGUARDED_AVAILABILITY = YES_AGGRESSIVE;
				CLANG_WARN_UNREACHABLE_CODE = YES;
				CLANG_WARN__DUPLICATE_METHOD_MATCH = YES;
				COPY_PHASE_STRIP = NO;
				DEBUG_INFORMATION_FORMAT = dwarf;
				ENABLE_STRICT_OBJC_MSGSEND = YES;
				ENABLE_TESTABILITY = YES;
				ENABLE_USER_SCRIPT_SANDBOXING = YES;
				GCC_C_LANGUAGE_STANDARD = gnu17;
				GCC_DYNAMIC_NO_PIC = NO;
				GCC_NO_COMMON_BLOCKS = YES;
				GCC_OPTIMIZATION_LEVEL = 0;
				GCC_PREPROCESSOR_DEFINITIONS = (
					"DEBUG=1",
					"$(inherited)",
				);
				GCC_WARN_64_TO_32_BIT_CONVERSION = YES;
				GCC_WARN_ABOUT_RETURN_TYPE = YES_ERROR;
				GCC_WARN_UNDECLARED_SELECTOR = YES;
				GCC_WARN_UNINITIALIZED_AUTOS = YES_AGGRESSIVE;
				GCC_WARN_UNUSED_FUNCTION = YES;
				GCC_WARN_UNUSED_VARIABLE = YES;
				IPHONEOS_DEPLOYMENT_TARGET = 17.0;
				MTL_ENABLE_DEBUG_INFO = INCLUDE_SOURCE;
				MTL_FAST_MATH = YES;
				ONLY_ACTIVE_ARCH = YES;
				SDKROOT = iphoneos;
				SWIFT_ACTIVE_COMPILATION_CONDITIONS = "DEBUG $(inherited)";
				SWIFT_OPTIMIZATION_LEVEL = "-Onone";
			};
			name = Debug;
		};
		CCBF82BD9691DFDB610FD9AC /* Release */ = {
			isa = XCBuildConfiguration;
			buildSettings = {
				ALWAYS_SEARCH_USER_PATHS = NO;
				ASSETCATALOG_COMPILER_GENERATE_SWIFT_ASSET_SYMBOL_EXTENSIONS = YES;
				CLANG_ANALYZER_NONNULL = YES;
				CLANG_ANALYZER_NUMBER_OBJECT_CONVERSION = YES_AGGRESSIVE;
				CLANG_CXX_LANGUAGE_STANDARD = "gnu++20";
				CLANG_ENABLE_MODULES = YES;
				CLANG_ENABLE_OBJC_ARC = YES;
				CLANG_ENABLE_OBJC_WEAK = YES;
				CLANG_WARN_BLOCK_CAPTURE_AUTORELEASING = YES;
				CLANG_WARN_BOOL_CONVERSION = YES;
				CLANG_WARN_COMMA = YES;
				CLANG_WARN_CONSTANT_CONVERSION = YES;
				CLANG_WARN_DEPRECATED_OBJC_IMPLEMENTATIONS = YES;
				CLANG_WARN_DIRECT_OBJC_ISA_USAGE = YES_ERROR;
				CLANG_WARN_DOCUMENTATION_COMMENTS = YES;
				CLANG_WARN_EMPTY_BODY = YES;
				CLANG_WARN_ENUM_CONVERSION = YES;
				CLANG_WARN_INFINITE_RECURSION = YES;
				CLANG_WARN_INT_CONVERSION = YES;
				CLANG_WARN_NON_LITERAL_NULL_CONVERSION = YES;
				CLANG_WARN_OBJC_IMPLICIT_RETAIN_SELF = YES;
				CLANG_WARN_OBJC_LITERAL_CONVERSION = YES;
				CLANG_WARN_OBJC_ROOT_CLASS = YES_ERROR;
				CLANG_WARN_QUOTED_INCLUDE_IN_FRAMEWORK_HEADER = YES;
				CLANG_WARN_RANGE_LOOP_ANALYSIS = YES;
				CLANG_WARN_STRICT_PROTOTYPES = YES;
				CLANG_WARN_SUSPICIOUS_MOVE = YES;
				CLANG_WARN_UNGUARDED_AVAILABILITY = YES_AGGRESSIVE;
				CLANG_WARN_UNREACHABLE_CODE = YES;
				CLANG_WARN__DUPLICATE_METHOD_MATCH = YES;
				COPY_PHASE_STRIP = NO;
				DEBUG_INFORMATION_FORMAT = "dwarf-with-dsym";
				ENABLE_NS_ASSERTIONS = NO;
				ENABLE_STRICT_OBJC_MSGSEND = YES;
				ENABLE_USER_SCRIPT_SANDBOXING = YES;
				GCC_C_LANGUAGE_STANDARD = gnu17;
				GCC_NO_COMMON_BLOCKS = YES;
				GCC_WARN_64_TO_32_BIT_CONVERSION = YES;
				GCC_WARN_ABOUT_RETURN_TYPE = YES_ERROR;
				GCC_WARN_UNDECLARED_SELECTOR = YES;
				GCC_WARN_UNINITIALIZED_AUTOS = YES_AGGRESSIVE;
				GCC_WARN_UNUSED_FUNCTION = YES;
				GCC_WARN_UNUSED_VARIABLE = YES;
				IPHONEOS_DEPLOYMENT_TARGET = 17.0;
				MTL_ENABLE_DEBUG_INFO = NO;
				MTL_FAST_MATH = YES;
				SDKROOT = iphoneos;
				SWIFT_COMPILATION_MODE = wholemodule;
				VALIDATE_PRODUCT = YES;
			};
			name = Release;
		};
		B9A0C16F469DCF7A768078D6 /* Debug */ = {
			isa = XCBuildConfiguration;
			buildSettings = {
				ASSETCATALOG_COMPILER_APPICON_NAME = AppIcon;
				ASSETCATALOG_COMPILER_GLOBAL_ACCENT_COLOR_NAME = AccentColor;
				CODE_SIGN_STYLE = Automatic;
				CURRENT_PROJECT_VERSION = 1;
				ENABLE_PREVIEWS = YES;
				GENERATE_INFOPLIST_FILE = YES;
				INFOPLIST_KEY_UIApplicationSceneManifest_Generation = YES;
				INFOPLIST_KEY_UILaunchScreen_Generation = YES;
				INFOPLIST_KEY_UISupportedInterfaceOrientations = UIInterfaceOrientationPortrait;
				LD_RUNPATH_SEARCH_PATHS = (
					"$(inherited)",
					"@executable_path/Frameworks",
				);
				MARKETING_VERSION = 1.0;
				PRODUCT_BUNDLE_IDENTIFIER = com.olyapp.OlyApp;
				PRODUCT_NAME = "$(TARGET_NAME)";
				SWIFT_EMIT_LOC_STRINGS = YES;
				SWIFT_VERSION = 5.0;
				TARGETED_DEVICE_FAMILY = 1;
			};
			name = Debug;
		};
		E17B23401D840252AF6CC616 /* Release */ = {
			isa = XCBuildConfiguration;
			buildSettings = {
				ASSETCATALOG_COMPILER_APPICON_NAME = AppIcon;
				ASSETCATALOG_COMPILER_GLOBAL_ACCENT_COLOR_NAME = AccentColor;
				CODE_SIGN_STYLE = Automatic;
				CURRENT_PROJECT_VERSION = 1;
				ENABLE_PREVIEWS = YES;
				GENERATE_INFOPLIST_FILE = YES;
				INFOPLIST_KEY_UIApplicationSceneManifest_Generation = YES;
				INFOPLIST_KEY_UILaunchScreen_Generation = YES;
				INFOPLIST_KEY_UISupportedInterfaceOrientations = UIInterfaceOrientationPortrait;
				LD_RUNPATH_SEARCH_PATHS = (
					"$(inherited)",
					"@executable_path/Frameworks",
				);
				MARKETING_VERSION = 1.0;
				PRODUCT_BUNDLE_IDENTIFIER = com.olyapp.OlyApp;
				PRODUCT_NAME = "$(TARGET_NAME)";
				SWIFT_EMIT_LOC_STRINGS = YES;
				SWIFT_VERSION = 5.0;
				TARGETED_DEVICE_FAMILY = 1;
			};
			name = Release;
		};
		ED5EFBF06A797C1178027A68 /* Debug */ = {
			isa = XCBuildConfiguration;
			buildSettings = {
				BUNDLE_LOADER = "$(TEST_HOST)";
				CODE_SIGN_STYLE = Automatic;
				CURRENT_PROJECT_VERSION = 1;
				GENERATE_INFOPLIST_FILE = YES;
				MARKETING_VERSION = 1.0;
				PRODUCT_BUNDLE_IDENTIFIER = com.olyapp.OlyAppTests;
				PRODUCT_NAME = "$(TARGET_NAME)";
				SWIFT_EMIT_LOC_STRINGS = NO;
				SWIFT_VERSION = 5.0;
				TARGETED_DEVICE_FAMILY = 1;
				TEST_HOST = "$(BUILT_PRODUCTS_DIR)/OlyApp.app/OlyApp";
			};
			name = Debug;
		};
		F8783E6FC90ABAC4B417126D /* Release */ = {
			isa = XCBuildConfiguration;
			buildSettings = {
				BUNDLE_LOADER = "$(TEST_HOST)";
				CODE_SIGN_STYLE = Automatic;
				CURRENT_PROJECT_VERSION = 1;
				GENERATE_INFOPLIST_FILE = YES;
				MARKETING_VERSION = 1.0;
				PRODUCT_BUNDLE_IDENTIFIER = com.olyapp.OlyAppTests;
				PRODUCT_NAME = "$(TARGET_NAME)";
				SWIFT_EMIT_LOC_STRINGS = NO;
				SWIFT_VERSION = 5.0;
				TARGETED_DEVICE_FAMILY = 1;
				TEST_HOST = "$(BUILT_PRODUCTS_DIR)/OlyApp.app/OlyApp";
			};
			name = Release;
		};
/* End XCBuildConfiguration section */

/* Begin XCConfigurationList section */
		45DEA8368E74E8D36B2EC1B0 /* Build configuration list for PBXProject "OlyApp" */ = {
			isa = XCConfigurationList;
			buildConfigurations = (
				B5BAF5E53768F7A4E6398644 /* Debug */,
				CCBF82BD9691DFDB610FD9AC /* Release */,
			);
			defaultConfigurationIsVisible = 0;
			defaultConfigurationName = Release;
		};
		F2835358D79238265300CDAC /* Build configuration list for PBXNativeTarget "OlyApp" */ = {
			isa = XCConfigurationList;
			buildConfigurations = (
				B9A0C16F469DCF7A768078D6 /* Debug */,
				E17B23401D840252AF6CC616 /* Release */,
			);
			defaultConfigurationIsVisible = 0;
			defaultConfigurationName = Release;
		};
		F9B0E16AD5B8480358C8B0BD /* Build configuration list for PBXNativeTarget "OlyAppTests" */ = {
			isa = XCConfigurationList;
			buildConfigurations = (
				ED5EFBF06A797C1178027A68 /* Debug */,
				F8783E6FC90ABAC4B417126D /* Release */,
			);
			defaultConfigurationIsVisible = 0;
			defaultConfigurationName = Release;
		};
/* End XCConfigurationList section */
	};
	rootObject = 98F54143AB4E86B28C3AFEE0 /* Project object */;
}
